
Microsoft Visual Studio Solution File, Format Version 12.00
# Visual Studio Version 17
VisualStudioVersion = 17.11.35219.272
MinimumVisualStudioVersion = 10.0.40219.1
Project("{9A19103F-16F7-4668-BE54-9A1E7A4F7556}") = "IFSPStore.Domain", "IFSPStore.Domain\IFSPStore.Domain.csproj", "{BC974323-85D5-4584-9A59-2803DC688F0A}"
EndProject
Project("{9A19103F-16F7-4668-BE54-9A1E7A4F7556}") = "IFSPStore.Teste", "IFSPStore.Teste\IFSPStore.Teste.csproj", "{F25E1C45-DB61-4FC3-99BA-537CA59B31E7}"
EndProject
Project("{9A19103F-16F7-4668-BE54-9A1E7A4F7556}") = "IFSPStore.Repository", "IFSPStore.Repository\IFSPStore.Repository.csproj", "{A1D67A8C-7701-4801-8430-3419B1E5B05E}"
EndProject
Project("{9A19103F-16F7-4668-BE54-9A1E7A4F7556}") = "IFSPStore.Service", "IFSPStore.Service\IFSPStore.Service.csproj", "{0A3A8BB0-6E3C-430F-BF00-8306CEF75459}"
EndProject
Project("{FAE04EC0-301F-11D3-BF4B-00C04F79EFBC}") = "IFSPStore.App", "IFSPStore.App\IFSPStore.App.csproj", "{BAA1B3C0-CC65-4905-A84B-CBE7509F3AFD}"
EndProject
Global
	GlobalSection(SolutionConfigurationPlatforms) = preSolution
		Debug|Any CPU = Debug|Any CPU
		Release|Any CPU = Release|Any CPU
	EndGlobalSection
	GlobalSection(ProjectConfigurationPlatforms) = postSolution
		{BC974323-85D5-4584-9A59-2803DC688F0A}.Debug|Any CPU.ActiveCfg = Debug|Any CPU
		{BC974323-85D5-4584-9A59-2803DC688F0A}.Debug|Any CPU.Build.0 = Debug|Any CPU
		{BC974323-85D5-4584-9A59-2803DC688F0A}.Release|Any CPU.ActiveCfg = Release|Any CPU
		{BC974323-85D5-4584-9A59-2803DC688F0A}.Release|Any CPU.Build.0 = Release|Any CPU
		{F25E1C45-DB61-4FC3-99BA-537CA59B31E7}.Debug|Any CPU.ActiveCfg = Debug|Any CPU
		{F25E1C45-DB61-4FC3-99BA-537CA59B31E7}.Debug|Any CPU.Build.0 = Debug|Any CPU
		{F25E1C45-DB61-4FC3-99BA-537CA59B31E7}.Release|Any CPU.ActiveCfg = Release|Any CPU
		{F25E1C45-DB61-4FC3-99BA-537CA59B31E7}.Release|Any CPU.Build.0 = Release|Any CPU
		{A1D67A8C-7701-4801-8430-3419B1E5B05E}.Debug|Any CPU.ActiveCfg = Debug|Any CPU
		{A1D67A8C-7701-4801-8430-3419B1E5B05E}.Debug|Any CPU.Build.0 = Debug|Any CPU
		{A1D67A8C-7701-4801-8430-3419B1E5B05E}.Release|Any CPU.ActiveCfg = Release|Any CPU
		{A1D67A8C-7701-4801-8430-3419B1E5B05E}.Release|Any CPU.Build.0 = Release|Any CPU
		{0A3A8BB0-6E3C-430F-BF00-8306CEF75459}.Debug|Any CPU.ActiveCfg = Debug|Any CPU
		{0A3A8BB0-6E3C-430F-BF00-8306CEF75459}.Debug|Any CPU.Build.0 = Debug|Any CPU
		{0A3A8BB0-6E3C-430F-BF00-8306CEF75459}.Release|Any CPU.ActiveCfg = Release|Any CPU
		{0A3A8BB0-6E3C-430F-BF00-8306CEF75459}.Release|Any CPU.Build.0 = Release|Any CPU
		{BAA1B3C0-CC65-4905-A84B-CBE7509F3AFD}.Debug|Any CPU.ActiveCfg = Debug|Any CPU
		{BAA1B3C0-CC65-4905-A84B-CBE7509F3AFD}.Debug|Any CPU.Build.0 = Debug|Any CPU
		{BAA1B3C0-CC65-4905-A84B-CBE7509F3AFD}.Release|Any CPU.ActiveCfg = Release|Any CPU
		{BAA1B3C0-CC65-4905-A84B-CBE7509F3AFD}.Release|Any CPU.Build.0 = Release|Any CPU
	EndGlobalSection
	GlobalSection(SolutionProperties) = preSolution
		HideSolutionNode = FALSE
	EndGlobalSection
	GlobalSection(ExtensibilityGlobals) = postSolution
		SolutionGuid = {655D4568-9FA5-440A-8C4B-D3438645BBE6}
	EndGlobalSection
EndGlobal
